Microsoft Visual Studio Solution File, Format Version 12.00
# Visual Studio Version 16
VisualStudioVersion = 16.0.0.0
MinimumVisualStudioVersion = 16.0.0.0
Project("{9A19103F-16F7-4668-BE54-9A1E7A4F7556}") = "NMH", "NMH\NMH.csproj", "{D3ED0C88-77D7-40FE-8C94-35FAE77FB348}"
EndProject
Project("{9A19103F-16F7-4668-BE54-9A1E7A4F7556}") = "NMH.Client", "NMH.Client\NMH.Client.csproj", "{61625371-FDBB-41D3-8D4A-59B886593185}"
EndProject
Global
	GlobalSection(SolutionConfigurationPlatforms) = preSolution
		Debug|Any CPU = Debug|Any CPU
		Debug|x64 = Debug|x64
		Debug|x86 = Debug|x86
		Release|Any CPU = Release|Any CPU
		Release|x64 = Release|x64
		Release|x86 = Release|x86
	EndGlobalSection
	GlobalSection(ProjectConfigurationPlatforms) = postSolution
		{61625371-FDBB-41D3-8D4A-59B886593185}.Debug|Any CPU.ActiveCfg = Debug|Any CPU
		{61625371-FDBB-41D3-8D4A-59B886593185}.Debug|Any CPU.Build.0 = Debug|Any CPU
		{61625371-FDBB-41D3-8D4A-59B886593185}.Debug|x64.ActiveCfg = Debug|Any CPU
		{61625371-FDBB-41D3-8D4A-59B886593185}.Debug|x64.Build.0 = Debug|Any CPU
		{61625371-FDBB-41D3-8D4A-59B886593185}.Debug|x86.ActiveCfg = Debug|Any CPU
		{61625371-FDBB-41D3-8D4A-59B886593185}.Debug|x86.Build.0 = Debug|Any CPU
		{61625371-FDBB-41D3-8D4A-59B886593185}.Release|Any CPU.ActiveCfg = Release|Any CPU
		{61625371-FDBB-41D3-8D4A-59B886593185}.Release|Any CPU.Build.0 = Release|Any CPU
		{61625371-FDBB-41D3-8D4A-59B886593185}.Release|x64.ActiveCfg = Release|Any CPU
		{61625371-FDBB-41D3-8D4A-59B886593185}.Release|x64.Build.0 = Release|Any CPU
		{61625371-FDBB-41D3-8D4A-59B886593185}.Release|x86.ActiveCfg = Release|Any CPU
		{61625371-FDBB-41D3-8D4A-59B886593185}.Release|x86.Build.0 = Release|Any CPU
		{D3ED0C88-77D7-40FE-8C94-35FAE77FB348}.Debug|Any CPU.ActiveCfg = Debug|Any CPU
		{D3ED0C88-77D7-40FE-8C94-35FAE77FB348}.Debug|Any CPU.Build.0 = Debug|Any CPU
		{D3ED0C88-77D7-40FE-8C94-35FAE77FB348}.Debug|x64.ActiveCfg = Debug|Any CPU
		{D3ED0C88-77D7-40FE-8C94-35FAE77FB348}.Debug|x64.Build.0 = Debug|Any CPU
		{D3ED0C88-77D7-40FE-8C94-35FAE77FB348}.Debug|x86.ActiveCfg = Debug|Any CPU
		{D3ED0C88-77D7-40FE-8C94-35FAE77FB348}.Debug|x86.Build.0 = Debug|Any CPU
		{D3ED0C88-77D7-40FE-8C94-35FAE77FB348}.Release|Any CPU.ActiveCfg = Release|Any CPU
		{D3ED0C88-77D7-40FE-8C94-35FAE77FB348}.Release|Any CPU.Build.0 = Release|Any CPU
		{D3ED0C88-77D7-40FE-8C94-35FAE77FB348}.Release|x64.ActiveCfg = Release|Any CPU
		{D3ED0C88-77D7-40FE-8C94-35FAE77FB348}.Release|x64.Build.0 = Release|Any CPU
		{D3ED0C88-77D7-40FE-8C94-35FAE77FB348}.Release|x86.ActiveCfg = Release|Any CPU
		{D3ED0C88-77D7-40FE-8C94-35FAE77FB348}.Release|x86.Build.0 = Release|Any CPU
	EndGlobalSection
	GlobalSection(SolutionProperties) = preSolution
		HideSolutionNode = FALSE
	EndGlobalSection
	GlobalSection(ExtensibilityGlobals) = postSolution
		SolutionGuid = {A4DCBEB8-5634-49A5-940D-67799F5AE810}
	EndGlobalSection
EndGlobal
