Microsoft Visual Studio Solution File, Format Version 12.00
# Visual Studio Version 17
VisualStudioVersion = 17.5.2.0
MinimumVisualStudioVersion = 10.0.40219.1
Project("{FAE04EC0-301F-11D3-BF4B-00C04F79EFBC}") = "NMH", "NMH.csproj", "{6E097BC2-7960-EADA-FC5F-B56CCD71594E}"
EndProject
Global
	GlobalSection(SolutionConfigurationPlatforms) = preSolution
		Debug|Any CPU = Debug|Any CPU
		Release|Any CPU = Release|Any CPU
	EndGlobalSection
	GlobalSection(ProjectConfigurationPlatforms) = postSolution
		{6E097BC2-7960-EADA-FC5F-B56CCD71594E}.Debug|Any CPU.ActiveCfg = Debug|Any CPU
		{6E097BC2-7960-EADA-FC5F-B56CCD71594E}.Debug|Any CPU.Build.0 = Debug|Any CPU
		{6E097BC2-7960-EADA-FC5F-B56CCD71594E}.Release|Any CPU.ActiveCfg = Release|Any CPU
		{6E097BC2-7960-EADA-FC5F-B56CCD71594E}.Release|Any CPU.Build.0 = Release|Any CPU
	EndGlobalSection
	GlobalSection(SolutionProperties) = preSolution
		HideSolutionNode = FALSE
	EndGlobalSection
	GlobalSection(ExtensibilityGlobals) = postSolution
		SolutionGuid = {A554D84B-7F4D-4035-9D7C-35746D59B338}
	EndGlobalSection
EndGlobal
